
Microsoft Visual Studio Solution File, Format Version 12.00
# Visual Studio Version 17
VisualStudioVersion = 17.1.32319.34
MinimumVisualStudioVersion = 10.0.40219.1
Project("{FAE04EC0-301F-11D3-BF4B-00C04F79EFBC}") = "Trapper", "Trapper.csproj", "{715E0FF1-CCD4-432D-A5B8-6BA3991F7B6A}"
EndProject
Global
	GlobalSection(SolutionConfigurationPlatforms) = preSolution
		Debug|Any CPU = Debug|Any CPU
		Release|Any CPU = Release|Any CPU
	EndGlobalSection
	GlobalSection(ProjectConfigurationPlatforms) = postSolution
		{715E0FF1-CCD4-432D-A5B8-6BA3991F7B6A}.Debug|Any CPU.ActiveCfg = Debug|Any CPU
		{715E0FF1-CCD4-432D-A5B8-6BA3991F7B6A}.Debug|Any CPU.Build.0 = Debug|Any CPU
		{715E0FF1-CCD4-432D-A5B8-6BA3991F7B6A}.Release|Any CPU.ActiveCfg = Release|Any CPU
		{715E0FF1-CCD4-432D-A5B8-6BA3991F7B6A}.Release|Any CPU.Build.0 = Release|Any CPU
	EndGlobalSection
	GlobalSection(SolutionProperties) = preSolution
		HideSolutionNode = FALSE
	EndGlobalSection
	GlobalSection(ExtensibilityGlobals) = postSolution
		SolutionGuid = {6F5A1DD4-5FD7-42B3-BFA7-75DF1184DBA9}
	EndGlobalSection
EndGlobal
